schema: '2.0'
stages:
  app_sim_v1_simulation_11:
    cmd: set -o pipefail; mkdir -p ../../../../../encrypt/app_sim/v1/simulation/11/output
      output && ../../../../../../dvc_tools/slurm_scripts/slurm_enqueue.sh app_sim_v1_simulation_11
      dvc_app.yaml simulation ../../../../../../dvc_tools/encfs_scripts/encfs_mount_and_run_v2.sh
      ../../../../../encrypt /tmp/encfs_25680_demo_encfs_app_sim_v1_simulation_11_701c16cf7565
      ../../../../../../../../../../../../tmp/encfs_25680_demo_encfs_app_sim_v1_simulation_11_701c16cf7565/app_sim/v1/simulation/11/output/encfs_out_{MPI_RANK}.log
      sarus run --mount=type=bind,source="/tmp/encfs_25680_demo_encfs_app_sim_v1_simulation_11_701c16cf7565",destination="/app-data"  --entrypoint
      bash load/castor-dvc/app_sim -c "/src/app/simulation.sh --simulation-input /app-data/app_sim/v1/simulation/10/output
      --simulation-output /app-data/app_sim/v1/simulation/11/output --simulation-output-file-num-per-rank
      1 --simulation-output-file-size 2000000000" 2>&1 | tee output/stage_out.log
    deps:
    - path: ../../../../../encrypt/app_sim/v1/simulation/10/output
      md5: a4bf32aca756f6c648ae291601ba7b30.dir
      size: 16000006753
      nfiles: 32
    outs:
    - path: ../../../../../encrypt/app_sim/v1/simulation/11/output
      md5: a41bef21a6017878a3f489149034847e.dir
      size: 32000006754
      nfiles: 32
    - path: output
      md5: 9bd456e8e313677be9453979cedf8e19.dir
      size: 33185
      nfiles: 3
