schema: '2.0'
stages:
  app_sim_v1_simulation_50:
    cmd: set -o pipefail; mkdir -p output && ../../../../../dvc_tools/slurm_scripts/slurm_enqueue.sh
      app_sim_v1_simulation_50 dvc_app.yaml simulation sarus run --mount=type=bind,source="$(realpath
      ../../../..)",destination="/app-data"  --entrypoint bash load/castor-dvc/app_sim
      -c "/src/app/simulation.sh --simulation-input /app-data/app_sim/v1/simulation/49/output
      --simulation-output /app-data/app_sim/v1/simulation/50/output --simulation-output-file-num-per-rank
      1 --simulation-output-file-size 1000000000" 2>&1 | tee output/stage_out.log
    deps:
    - path: ../49/output
      md5: b396033e343876e56ce067284e1150f9.dir
      size: 0
      nfiles: 1
    outs:
    - path: output
      md5: 37db6c79d4f0dc937353d846b00e56d7.dir
      size: 16000017150
      nfiles: 19
